
Microsoft Visual Studio Solution File, Format Version 12.00
# Visual Studio Version 17
VisualStudioVersion = 17.11.35327.3
MinimumVisualStudioVersion = 10.0.40219.1
Project("{FAE04EC0-301F-11D3-BF4B-00C04F79EFBC}") = "Bakim", "Bakim\Bakim.csproj", "{2C3A219C-E183-423A-8218-E5FA8D225832}"
EndProject
Global
	GlobalSection(SolutionConfigurationPlatforms) = preSolution
		Debug|Any CPU = Debug|Any CPU
		Release|Any CPU = Release|Any CPU
	EndGlobalSection
	GlobalSection(ProjectConfigurationPlatforms) = postSolution
		{2C3A219C-E183-423A-8218-E5FA8D225832}.Debug|Any CPU.ActiveCfg = Debug|Any CPU
		{2C3A219C-E183-423A-8218-E5FA8D225832}.Debug|Any CPU.Build.0 = Debug|Any CPU
		{2C3A219C-E183-423A-8218-E5FA8D225832}.Release|Any CPU.ActiveCfg = Release|Any CPU
		{2C3A219C-E183-423A-8218-E5FA8D225832}.Release|Any CPU.Build.0 = Release|Any CPU
	EndGlobalSection
	GlobalSection(SolutionProperties) = preSolution
		HideSolutionNode = FALSE
	EndGlobalSection
	GlobalSection(ExtensibilityGlobals) = postSolution
		SolutionGuid = {EF774D82-C889-48BC-BA27-FA4C22C8F4EE}
	EndGlobalSection
EndGlobal
